// !$*UTF8*$!
{
	archiveVersion = 1;
	classes = {
	};
	objectVersion = 46;
	objects = {

/* Begin PBXBuildFile section */
		D8D551B51EB4D3D800F03D9C /* AppDelegate.swift in Sources */ = {isa = PBXBuildFile; fileRef = D8D551B41EB4D3D800F03D9C /* AppDelegate.swift */; };
		D8D551B71EB4D3D800F03D9C /* ViewController.swift in Sources */ = {isa = PBXBuildFile; fileRef = D8D551B61EB4D3D800F03D9C /* ViewController.swift */; };
		D8D551BA1EB4D3D800F03D9C /* Main.storyboard in Resources */ = {isa = PBXBuildFile; fileRef = D8D551B81EB4D3D800F03D9C /* Main.storyboard */; };
		D8D551BC1EB4D3D800F03D9C /* Assets.xcassets in Resources */ = {isa = PBXBuildFile; fileRef = D8D551BB1EB4D3D800F03D9C /* Assets.xcassets */; };
		D8D551BF1EB4D3D800F03D9C /* LaunchScreen.storyboard in Resources */ = {isa = PBXBuildFile; fileRef = D8D551BD1EB4D3D800F03D9C /* LaunchScreen.storyboard */; };
/* End PBXBuildFile section */

/* Begin PBXFileReference section */
		D8D551B11EB4D3D800F03D9C /* DropboxSample.app */ = {isa = PBXFileReference; explicitFileType = wrapper.application; includeInIndex = 0; path = DropboxSample.app; sourceTree = BUILT_PRODUCTS_DIR; };
		D8D551B41EB4D3D800F03D9C /* AppDelegate.swift */ = {isa = PBXFileReference; lastKnownFileType = sourcecode.swift; path = AppDelegate.swift; sourceTree = "<group>"; };
		D8D551B61EB4D3D800F03D9C /* ViewController.swift */ = {isa = PBXFileReference; lastKnownFileType = sourcecode.swift; path = ViewController.swift; sourceTree = "<group>"; };
		D8D551B91EB4D3D800F03D9C /* Base */ = {isa = PBXFileReference; lastKnownFileType = file.storyboard; name = Base; path = Base.lproj/Main.storyboard; sourceTree = "<group>"; };
		D8D551BB1EB4D3D800F03D9C /* Assets.xcassets */ = {isa = PBXFileReference; lastKnownFileType = folder.assetcatalog; path = Assets.xcassets; sourceTree = "<group>"; };
		D8D551BE1EB4D3D800F03D9C /* Base */ = {isa = PBXFileReference; lastKnownFileType = file.storyboard; name = Base; path = Base.lproj/LaunchScreen.storyboard; sourceTree = "<group>"; };
		D8D551C01EB4D3D800F03D9C /* Info.plist */ = {isa = PBXFileReference; lastKnownFileType = text.plist.xml; path = Info.plist; sourceTree = "<group>"; };
/* End PBXFileReference section */

/* Begin PBXFrameworksBuildPhase section */
		D8D551AE1EB4D3D800F03D9C /* Frameworks */ = {
			isa = PBXFrameworksBuildPhase;
			buildActionMask = 2147483647;
			files = (
			);
			runOnlyForDeploymentPostprocessing = 0;
		};
/* End PBXFrameworksBuildPhase section */

/* Begin PBXGroup section */
		D8D551A81EB4D3D800F03D9C = {
			isa = PBXGroup;
			children = (
				D8D551B31EB4D3D800F03D9C /* DropboxSample */,
				D8D551B21EB4D3D800F03D9C /* Products */,
			);
			sourceTree = "<group>";
		};
		D8D551B21EB4D3D800F03D9C /* Products */ = {
			isa = PBXGroup;
			children = (
				D8D551B11EB4D3D800F03D9C /* DropboxSample.app */,
			);
			name = Products;
			sourceTree = "<group>";
		};
		D8D551B31EB4D3D800F03D9C /* DropboxSample */ = {
			isa = PBXGroup;
			children = (
				D8D551B41EB4D3D800F03D9C /* AppDelegate.swift */,
				D8D551B61EB4D3D800F03D9C /* ViewController.swift */,
				D8D551B81EB4D3D800F03D9C /* Main.storyboard */,
				D8D551BB1EB4D3D800F03D9C /* Assets.xcassets */,
				D8D551BD1EB4D3D800F03D9C /* LaunchScreen.storyboard */,
				D8D551C01EB4D3D800F03D9C /* Info.plist */,
			);
			path = DropboxSample;
			sourceTree = "<group>";
		};
/* End PBXGroup section */

/* Begin PBXNativeTarget section */
		D8D551B01EB4D3D800F03D9C /* DropboxSample */ = {
			isa = PBXNativeTarget;
			buildConfigurationList = D8D551C31EB4D3D800F03D9C /* Build configuration list for PBXNativeTarget "DropboxSample" */;
			buildPhases = (
				D8D551AD1EB4D3D800F03D9C /* Sources */,
				D8D551AE1EB4D3D800F03D9C /* Frameworks */,
				D8D551AF1EB4D3D800F03D9C /* Resources */,
			);
			buildRules = (
			);
			dependencies = (
			);
			name = DropboxSample;
			productName = DropboxSample;
			productReference = D8D551B11EB4D3D800F03D9C /* DropboxSample.app */;
			productType = "com.apple.product-type.application";
		};
/* End PBXNativeTarget section */

/* Begin PBXProject section */
		D8D551A91EB4D3D800F03D9C /* Project object */ = {
			isa = PBXProject;
			attributes = {
				LastSwiftUpdateCheck = 0830;
				LastUpgradeCheck = 0830;
				ORGANIZATIONNAME = hitting;
				TargetAttributes = {
					D8D551B01EB4D3D800F03D9C = {
						CreatedOnToolsVersion = 8.3.2;
						DevelopmentTeam = HEMC67SK37;
						ProvisioningStyle = Automatic;
					};
				};
			};
			buildConfigurationList = D8D551AC1EB4D3D800F03D9C /* Build configuration list for PBXProject "DropboxSample" */;
			compatibilityVersion = "Xcode 3.2";
			developmentRegion = English;
			hasScannedForEncodings = 0;
			knownRegions = (
				en,
				Base,
			);
			mainGroup = D8D551A81EB4D3D800F03D9C;
			productRefGroup = D8D551B21EB4D3D800F03D9C /* Products */;
			projectDirPath = "";
			projectRoot = "";
			targets = (
				D8D551B01EB4D3D800F03D9C /* DropboxSample */,
			);
		};
/* End PBXProject section */

/* Begin PBXResourcesBuildPhase section */
		D8D551AF1EB4D3D800F03D9C /* Resources */ = {
			isa = PBXResourcesBuildPhase;
			buildActionMask = 2147483647;
			files = (
				D8D551BF1EB4D3D800F03D9C /* LaunchScreen.storyboard in Resources */,
				D8D551BC1EB4D3D800F03D9C /* Assets.xcassets in Resources */,
				D8D551BA1EB4D3D800F03D9C /* Main.storyboard in Resources */,
			);
			runOnlyForDeploymentPostprocessing = 0;
		};
/* End PBXResourcesBuildPhase section */

/* Begin PBXSourcesBuildPhase section */
		D8D551AD1EB4D3D800F03D9C /* Sources */ = {
			isa = PBXSourcesBuildPhase;
			buildActionMask = 2147483647;
			files = (
				D8D551B71EB4D3D800F03D9C /* ViewController.swift in Sources */,
				D8D551B51EB4D3D800F03D9C /* AppDelegate.swift in Sources */,
			);
			runOnlyForDeploymentPostprocessing = 0;
		};
/* End PBXSourcesBuildPhase section */

/* Begin PBXVariantGroup section */
		D8D551B81EB4D3D800F03D9C /* Main.storyboard */ = {
			isa = PBXVariantGroup;
			children = (
				D8D551B91EB4D3D800F03D9C /* Base */,
			);
			name = Main.storyboard;
			sourceTree = "<group>";
		};
		D8D551BD1EB4D3D800F03D9C /* LaunchScreen.storyboard */ = {
			isa = PBXVariantGroup;
			children = (
				D8D551BE1EB4D3D800F03D9C /* Base */,
			);
			name = LaunchScreen.storyboard;
			sourceTree = "<group>";
		};
/* End PBXVariantGroup section */

/* Begin XCBuildConfiguration section */
		D8D551C11EB4D3D800F03D9C /* Debug */ = {
			isa = XCBuildConfiguration;
			buildSettings = {
				ALWAYS_SEARCH_USER_PATHS = NO;
				CLANG_ANALYZER_NONNULL = YES;
				CLANG_ANALYZER_NUMBER_OBJECT_CONVERSION = YES_AGGRESSIVE;
				CLANG_CXX_LANGUAGE_STANDARD = "gnu++0x";
				CLANG_CXX_LIBRARY = "libc++";
				CLANG_ENABLE_MODULES = YES;
				CLANG_ENABLE_OBJC_ARC = YES;
				CLANG_WARN_BOOL_CONVERSION = YES;
				CLANG_WARN_CONSTANT_CONVERSION = YES;
				CLANG_WARN_DIRECT_OBJC_ISA_USAGE = YES_ERROR;
				CLANG_WARN_DOCUMENTATION_COMMENTS = YES;
				CLANG_WARN_EMPTY_BODY = YES;
				CLANG_WARN_ENUM_CONVERSION = YES;
				CLANG_WARN_INFINITE_RECURSION = YES;
				CLANG_WARN_INT_CONVERSION = YES;
				CLANG_WARN_OBJC_ROOT_CLASS = YES_ERROR;
				CLANG_WARN_SUSPICIOUS_MOVE = YES;
				CLANG_WARN_UNREACHABLE_CODE = YES;
				CLANG_WARN__DUPLICATE_METHOD_MATCH = YES;
				"CODE_SIGN_IDENTITY[sdk=iphoneos*]" = "iPhone Developer";
				COPY_PHASE_STRIP = NO;
				DEBUG_INFORMATION_FORMAT = dwarf;
				ENABLE_STRICT_OBJC_MSGSEND = YES;
				ENABLE_TESTABILITY = YES;
				GCC_C_LANGUAGE_STANDARD = gnu99;
				GCC_DYNAMIC_NO_PIC = NO;
				GCC_NO_COMMON_BLOCKS = YES;
				GCC_OPTIMIZATION_LEVEL = 0;
				GCC_PREPROCESSOR_DEFINITIONS = (
					"DEBUG=1",
					"$(inherited)",
				);
				GCC_WARN_64_TO_32_BIT_CONVERSION = YES;
				GCC_WARN_ABOUT_RETURN_TYPE = YES_ERROR;
				GCC_WARN_UNDECLARED_SELECTOR = YES;
				GCC_WARN_UNINITIALIZED_AUTOS = YES_AGGRESSIVE;
				GCC_WARN_UNUSED_FUNCTION = YES;
				GCC_WARN_UNUSED_VARIABLE = YES;
				IPHONEOS_DEPLOYMENT_TARGET = 10.3;
				MTL_ENABLE_DEBUG_INFO = YES;
				ONLY_ACTIVE_ARCH = YES;
				SDKROOT = iphoneos;
				SWIFT_ACTIVE_COMPILATION_CONDITIONS = DEBUG;
				SWIFT_OPTIMIZATION_LEVEL = "-Onone";
				TARGETED_DEVICE_FAMILY = "1,2";
			};
			name = Debug;
		};
		D8D551C21EB4D3D800F03D9C /* Release */ = {
			isa = XCBuildConfiguration;
			buildSettings = {
				ALWAYS_SEARCH_USER_PATHS = NO;
				CLANG_ANALYZER_NONNULL = YES;
				CLANG_ANALYZER_NUMBER_OBJECT_CONVERSION = YES_AGGRESSIVE;
				CLANG_CXX_LANGUAGE_STANDARD = "gnu++0x";
				CLANG_CXX_LIBRARY = "libc++";
				CLANG_ENABLE_MODULES = YES;
				CLANG_ENABLE_OBJC_ARC = YES;
				CLANG_WARN_BOOL_CONVERSION = YES;
				CLANG_WARN_CONSTANT_CONVERSION = YES;
				CLANG_WARN_DIRECT_OBJC_ISA_USAGE = YES_ERROR;
				CLANG_WARN_DOCUMENTATION_COMMENTS = YES;
				CLANG_WARN_EMPTY_BODY = YES;
				CLANG_WARN_ENUM_CONVERSION = YES;
				CLANG_WARN_INFINITE_RECURSION = YES;
				CLANG_WARN_INT_CONVERSION = YES;
				CLANG_WARN_OBJC_ROOT_CLASS = YES_ERROR;
				CLANG_WARN_SUSPICIOUS_MOVE = YES;
				CLANG_WARN_UNREACHABLE_CODE = YES;
				CLANG_WARN__DUPLICATE_METHOD_MATCH = YES;
				"CODE_SIGN_IDENTITY[sdk=iphoneos*]" = "iPhone Developer";
				COPY_PHASE_STRIP = NO;
				DEBUG_INFORMATION_FORMAT = "dwarf-with-dsym";
				ENABLE_NS_ASSERTIONS = NO;
				ENABLE_STRICT_OBJC_MSGSEND = YES;
				GCC_C_LANGUAGE_STANDARD = gnu99;
				GCC_NO_COMMON_BLOCKS = YES;
				GCC_WARN_64_TO_32_BIT_CONVERSION = YES;
				GCC_WARN_ABOUT_RETURN_TYPE = YES_ERROR;
				GCC_WARN_UNDECLARED_SELECTOR = YES;
				GCC_WARN_UNINITIALIZED_AUTOS = YES_AGGRESSIVE;
				GCC_WARN_UNUSED_FUNCTION = YES;
				GCC_WARN_UNUSED_VARIABLE = YES;
				IPHONEOS_DEPLOYMENT_TARGET = 10.3;
				MTL_ENABLE_DEBUG_INFO = NO;
				SDKROOT = iphoneos;
				SWIFT_OPTIMIZATION_LEVEL = "-Owholemodule";
				TARGETED_DEVICE_FAMILY = "1,2";
				VALIDATE_PRODUCT = YES;
			};
			name = Release;
		};
		D8D551C41EB4D3D800F03D9C /* Debug */ = {
			isa = XCBuildConfiguration;
			buildSettings = {
				ASSETCATALOG_COMPILER_APPICON_NAME = AppIcon;
				DEVELOPMENT_TEAM = HEMC67SK37;
				INFOPLIST_FILE = DropboxSample/Info.plist;
				LD_RUNPATH_SEARCH_PATHS = "$(inherited) @executable_path/Frameworks";
				PRODUCT_BUNDLE_IDENTIFIER = jp.hitting.DropboxSample;
				PRODUCT_NAME = "$(TARGET_NAME)";
				SWIFT_VERSION = 3.0;
			};
			name = Debug;
		};
		D8D551C51EB4D3D800F03D9C /* Release */ = {
			isa = XCBuildConfiguration;
			buildSettings = {
				ASSETCATALOG_COMPILER_APPICON_NAME = AppIcon;
				DEVELOPMENT_TEAM = HEMC67SK37;
				INFOPLIST_FILE = DropboxSample/Info.plist;
				LD_RUNPATH_SEARCH_PATHS = "$(inherited) @executable_path/Frameworks";
				PRODUCT_BUNDLE_IDENTIFIER = jp.hitting.DropboxSample;
				PRODUCT_NAME = "$(TARGET_NAME)";
				SWIFT_VERSION = 3.0;
			};
			name = Release;
		};
/* End XCBuildConfiguration section */

/* Begin XCConfigurationList section */
		D8D551AC1EB4D3D800F03D9C /* Build configuration list for PBXProject "DropboxSample" */ = {
			isa = XCConfigurationList;
			buildConfigurations = (
				D8D551C11EB4D3D800F03D9C /* Debug */,
				D8D551C21EB4D3D800F03D9C /* Release */,
			);
			defaultConfigurationIsVisible = 0;
			defaultConfigurationName = Release;
		};
		D8D551C31EB4D3D800F03D9C /* Build configuration list for PBXNativeTarget "DropboxSample" */ = {
			isa = XCConfigurationList;
			buildConfigurations = (
				D8D551C41EB4D3D800F03D9C /* Debug */,
				D8D551C51EB4D3D800F03D9C /* Release */,
			);
			defaultConfigurationIsVisible = 0;
		};
/* End XCConfigurationList section */
	};
	rootObject = D8D551A91EB4D3D800F03D9C /* Project object */;
}
